
Microsoft Visual Studio Solution File, Format Version 12.00
# Visual Studio Version 16
VisualStudioVersion = 16.0.30517.126
MinimumVisualStudioVersion = 10.0.40219.1
Project("{8BC9CEB8-8B4A-11D0-8D11-00A0C91BC942}") = "Templated", "Templated\Templated.vcxproj", "{F58DA66D-2794-4C1E-BCEA-193F8DEE6082}"
EndProject
Global
	GlobalSection(SolutionConfigurationPlatforms) = preSolution
		Debug|x64 = Debug|x64
		Debug|x86 = Debug|x86
		Release|x64 = Release|x64
		Release|x86 = Release|x86
	EndGlobalSection
	GlobalSection(ProjectConfigurationPlatforms) = postSolution
		{F58DA66D-2794-4C1E-BCEA-193F8DEE6082}.Debug|x64.ActiveCfg = Debug|x64
		{F58DA66D-2794-4C1E-BCEA-193F8DEE6082}.Debug|x64.Build.0 = Debug|x64
		{F58DA66D-2794-4C1E-BCEA-193F8DEE6082}.Debug|x86.ActiveCfg = Debug|Win32
		{F58DA66D-2794-4C1E-BCEA-193F8DEE6082}.Debug|x86.Build.0 = Debug|Win32
		{F58DA66D-2794-4C1E-BCEA-193F8DEE6082}.Release|x64.ActiveCfg = Release|x64
		{F58DA66D-2794-4C1E-BCEA-193F8DEE6082}.Release|x64.Build.0 = Release|x64
		{F58DA66D-2794-4C1E-BCEA-193F8DEE6082}.Release|x86.ActiveCfg = Release|Win32
		{F58DA66D-2794-4C1E-BCEA-193F8DEE6082}.Release|x86.Build.0 = Release|Win32
	EndGlobalSection
	GlobalSection(SolutionProperties) = preSolution
		HideSolutionNode = FALSE
	EndGlobalSection
	GlobalSection(ExtensibilityGlobals) = postSolution
		SolutionGuid = {6FC9CB6C-F648-416B-8903-467054CC6A7A}
	EndGlobalSection
EndGlobal
